
Microsoft Visual Studio Solution File, Format Version 12.00
# Visual Studio Version 17
VisualStudioVersion = 17.4.33213.308
MinimumVisualStudioVersion = 10.0.40219.1
Project("{8BC9CEB8-8B4A-11D0-8D11-00A0C91BC942}") = "cppm-hw-02-01", "cppm-hw-02-01\cppm-hw-02-01.vcxproj", "{CA9C732F-251E-42D3-AD06-B08779E56B06}"
EndProject
Global
	GlobalSection(SolutionConfigurationPlatforms) = preSolution
		Debug|x64 = Debug|x64
		Debug|x86 = Debug|x86
		Release|x64 = Release|x64
		Release|x86 = Release|x86
	EndGlobalSection
	GlobalSection(ProjectConfigurationPlatforms) = postSolution
		{CA9C732F-251E-42D3-AD06-B08779E56B06}.Debug|x64.ActiveCfg = Debug|x64
		{CA9C732F-251E-42D3-AD06-B08779E56B06}.Debug|x64.Build.0 = Debug|x64
		{CA9C732F-251E-42D3-AD06-B08779E56B06}.Debug|x86.ActiveCfg = Debug|Win32
		{CA9C732F-251E-42D3-AD06-B08779E56B06}.Debug|x86.Build.0 = Debug|Win32
		{CA9C732F-251E-42D3-AD06-B08779E56B06}.Release|x64.ActiveCfg = Release|x64
		{CA9C732F-251E-42D3-AD06-B08779E56B06}.Release|x64.Build.0 = Release|x64
		{CA9C732F-251E-42D3-AD06-B08779E56B06}.Release|x86.ActiveCfg = Release|Win32
		{CA9C732F-251E-42D3-AD06-B08779E56B06}.Release|x86.Build.0 = Release|Win32
	EndGlobalSection
	GlobalSection(SolutionProperties) = preSolution
		HideSolutionNode = FALSE
	EndGlobalSection
	GlobalSection(ExtensibilityGlobals) = postSolution
		SolutionGuid = {B86E1E48-F1DF-4944-9515-8E448CDE48ED}
	EndGlobalSection
EndGlobal
